{
  "name": "website-fraud-check",
  "version": "1.0.0",
  "lockfileVersion": 3,
  "requires": true,
  "packages": {
    "": {
      "name": "website-fraud-check",
      "version": "1.0.0",
      "license": "ISC",
      "dependencies": {
        "date-fns": "^4.1.0",
        "playwright": "^1.58.1",
        "whoiser": "^2.0.0-beta.10"
      }
    },
    "node_modules/date-fns": {
      "version": "4.1.0",
      "resolved": "https://registry.npmjs.org/date-fns/-/date-fns-4.1.0.tgz",
      "integrity": "sha512-Ukq0owbQXxa/U3EGtsdVBkR1w7KOQ5gIBqdH2hkvknzZPYvBxb/aa6E8L7tmjFtkwZBu3UXBbjIgPo/Ez4xaNg==",
      "license": "MIT",
      "funding": {
        "type": "github",
        "url": "https://github.com/sponsors/kossnocorp"
      }
    },
    "node_modules/fsevents": {
      "version": "2.3.2",
      "resolved": "https://registry.npmjs.org/fsevents/-/fsevents-2.3.2.tgz",
      "integrity": "sha512-xiqMQR4xAeHTuB9uWm+fFRcIOgKBMiOBP+eXiyT7jsgVCq1bkVygt00oASowB7EdtpOHaaPgKt812P9ab+DDKA==",
      "hasInstallScript": true,
      "license": "MIT",
      "optional": true,
      "os": [
        "darwin"
      ],
      "engines": {
        "node": "^8.16.0 || ^10.6.0 || >=11.0.0"
      }
    },
    "node_modules/playwright": {
      "version": "1.58.1",
      "resolved": "https://registry.npmjs.org/playwright/-/playwright-1.58.1.tgz",
      "integrity": "sha512-+2uTZHxSCcxjvGc5C891LrS1/NlxglGxzrC4seZiVjcYVQfUa87wBL6rTDqzGjuoWNjnBzRqKmF6zRYGMvQUaQ==",
      "license": "Apache-2.0",
      "dependencies": {
        "playwright-core": "1.58.1"
      },
      "bin": {
        "playwright": "cli.js"
      },
      "engines": {
        "node": ">=18"
      },
      "optionalDependencies": {
        "fsevents": "2.3.2"
      }
    },
    "node_modules/playwright-core": {
      "version": "1.58.1",
      "resolved": "https://registry.npmjs.org/playwright-core/-/playwright-core-1.58.1.tgz",
      "integrity": "sha512-bcWzOaTxcW+VOOGBCQgnaKToLJ65d6AqfLVKEWvexyS3AS6rbXl+xdpYRMGSRBClPvyj44njOWoxjNdL/H9UNg==",
      "license": "Apache-2.0",
      "bin": {
        "playwright-core": "cli.js"
      },
      "engines": {
        "node": ">=18"
      }
    },
    "node_modules/punycode-esm": {
      "version": "1.0.15",
      "resolved": "https://registry.npmjs.org/punycode-esm/-/punycode-esm-1.0.15.tgz",
      "integrity": "sha512-pR7pzaunGU4g3v3vMIXD9WnrGUiEBs2ezcVYr9piTC/HVem9F+MJ+JNdSeYD9pK7EumLMUMO9F3Gsa3RS+o7pA==",
      "license": "MIT",
      "engines": {
        "node": ">=20"
      }
    },
    "node_modules/whoiser": {
      "version": "2.0.0-beta.10",
      "resolved": "https://registry.npmjs.org/whoiser/-/whoiser-2.0.0-beta.10.tgz",
      "integrity": "sha512-Y1uyLNR6zQnKj/mZPYtofs6u/9ZAnBzAuiTgU1aEMKjlnknrQdLyOKv9ErmIeF2mySMjGFj0tCam+DpxotBXHw==",
      "license": "MIT",
      "dependencies": {
        "punycode-esm": "^1.0.15"
      }
    }
  }
}
